
Microsoft Visual Studio Solution File, Format Version 12.00
# Visual Studio Version 16
VisualStudioVersion = 16.0.30114.105
MinimumVisualStudioVersion = 10.0.40219.1
Project("{FAE04EC0-301F-11D3-BF4B-00C04F79EFBC}") = "ComicBookGallery2", "ComicBookGallery2.csproj", "{188E9D29-50F7-449F-B3F6-1F13807C789D}"
EndProject
Global
	GlobalSection(SolutionConfigurationPlatforms) = preSolution
		Debug|Any CPU = Debug|Any CPU
		Release|Any CPU = Release|Any CPU
	EndGlobalSection
	GlobalSection(ProjectConfigurationPlatforms) = postSolution
		{188E9D29-50F7-449F-B3F6-1F13807C789D}.Debug|Any CPU.ActiveCfg = Debug|Any CPU
		{188E9D29-50F7-449F-B3F6-1F13807C789D}.Debug|Any CPU.Build.0 = Debug|Any CPU
		{188E9D29-50F7-449F-B3F6-1F13807C789D}.Release|Any CPU.ActiveCfg = Release|Any CPU
		{188E9D29-50F7-449F-B3F6-1F13807C789D}.Release|Any CPU.Build.0 = Release|Any CPU
	EndGlobalSection
	GlobalSection(SolutionProperties) = preSolution
		HideSolutionNode = FALSE
	EndGlobalSection
	GlobalSection(ExtensibilityGlobals) = postSolution
		SolutionGuid = {847F03D6-3807-4DA2-8AA3-49249F4B3DD9}
	EndGlobalSection
EndGlobal
